
Microsoft Visual Studio Solution File, Format Version 12.00
# Visual Studio Version 16
VisualStudioVersion = 16.0.29020.237
MinimumVisualStudioVersion = 10.0.40219.1
Project("{9A19103F-16F7-4668-BE54-9A1E7A4F7556}") = "Panda.App", "Panda.App\Panda.App.csproj", "{9D8C3789-A6C7-4341-AEE0-56BDFFB8B897}"
EndProject
Project("{FAE04EC0-301F-11D3-BF4B-00C04F79EFBC}") = "Panda.App.Data", "Panda.App.Data\Panda.App.Data.csproj", "{6BF85B54-5EC7-41C0-8F63-B941E87208F8}"
EndProject
Project("{FAE04EC0-301F-11D3-BF4B-00C04F79EFBC}") = "Panda.App.Domain", "Panda.App.Domain\Panda.App.Domain.csproj", "{733392D7-6ADE-4EB6-9DA6-25495E7AABA8}"
EndProject
Global
	GlobalSection(SolutionConfigurationPlatforms) = preSolution
		Debug|Any CPU = Debug|Any CPU
		Release|Any CPU = Release|Any CPU
	EndGlobalSection
	GlobalSection(ProjectConfigurationPlatforms) = postSolution
		{9D8C3789-A6C7-4341-AEE0-56BDFFB8B897}.Debug|Any CPU.ActiveCfg = Debug|Any CPU
		{9D8C3789-A6C7-4341-AEE0-56BDFFB8B897}.Debug|Any CPU.Build.0 = Debug|Any CPU
		{9D8C3789-A6C7-4341-AEE0-56BDFFB8B897}.Release|Any CPU.ActiveCfg = Release|Any CPU
		{9D8C3789-A6C7-4341-AEE0-56BDFFB8B897}.Release|Any CPU.Build.0 = Release|Any CPU
		{6BF85B54-5EC7-41C0-8F63-B941E87208F8}.Debug|Any CPU.ActiveCfg = Debug|Any CPU
		{6BF85B54-5EC7-41C0-8F63-B941E87208F8}.Debug|Any CPU.Build.0 = Debug|Any CPU
		{6BF85B54-5EC7-41C0-8F63-B941E87208F8}.Release|Any CPU.ActiveCfg = Release|Any CPU
		{6BF85B54-5EC7-41C0-8F63-B941E87208F8}.Release|Any CPU.Build.0 = Release|Any CPU
		{733392D7-6ADE-4EB6-9DA6-25495E7AABA8}.Debug|Any CPU.ActiveCfg = Debug|Any CPU
		{733392D7-6ADE-4EB6-9DA6-25495E7AABA8}.Debug|Any CPU.Build.0 = Debug|Any CPU
		{733392D7-6ADE-4EB6-9DA6-25495E7AABA8}.Release|Any CPU.ActiveCfg = Release|Any CPU
		{733392D7-6ADE-4EB6-9DA6-25495E7AABA8}.Release|Any CPU.Build.0 = Release|Any CPU
	EndGlobalSection
	GlobalSection(SolutionProperties) = preSolution
		HideSolutionNode = FALSE
	EndGlobalSection
	GlobalSection(ExtensibilityGlobals) = postSolution
		SolutionGuid = {3EEF57F8-C497-4D04-8827-3D9BED4C3B97}
	EndGlobalSection
EndGlobal
